{
  "nodes": {
    "nixpkgs": {
      "locked": {
        "lastModified": 1693355128,
        "narHash": "sha256-+ZoAny3ZxLcfMaUoLVgL9Ywb/57wP+EtsdNGuXUJrwg=",
        "owner": "NixOS",
        "repo": "nixpkgs",
        "rev": "a63a64b593dcf2fe05f7c5d666eb395950f36bc9",
        "type": "github"
      },
      "original": {
        "owner": "NixOS",
        "ref": "nixpkgs-unstable",
        "repo": "nixpkgs",
        "type": "github"
      }
    },
    "root": {
      "inputs": {
        "nixpkgs": "nixpkgs"
      }
    }
  },
  "root": "root",
  "version": 7
}
