{
  "nodes": {
    "nixpkgs": {
      "locked": {
        "lastModified": 1722478193,
        "narHash": "sha256-htXWANIhuM3KgpK/3BvPao8DrJayuxUBXLwvTDWrW8E=",
        "owner": "NixOS",
        "repo": "nixpkgs",
        "rev": "799bc8d7b16e6779f0105713e6794899133c4a38",
        "type": "github"
      },
      "original": {
        "owner": "NixOS",
        "ref": "nixpkgs-unstable",
        "repo": "nixpkgs",
        "type": "github"
      }
    },
    "root": {
      "inputs": {
        "nixpkgs": "nixpkgs"
      }
    }
  },
  "root": "root",
  "version": 7
}
